{
  "version": "3",
  "remote": {
    "https://deno.land/std@0.224.0/assert/assert.ts": "09d30564c09de846855b7b071e62b5974b001bb72a4b797958fe0660e7849834",
    "https://deno.land/std@0.224.0/assert/assertion_error.ts": "ba8752bd27ebc51f723702fac2f54d3e94447598f54264a6653d6413738a8917",
    "https://deno.land/std@0.224.0/path/_common/assert_path.ts": "dbdd757a465b690b2cc72fc5fb7698c51507dec6bfafce4ca500c46b76ff7bd8",
    "https://deno.land/std@0.224.0/path/_common/basename.ts": "569744855bc8445f3a56087fd2aed56bdad39da971a8d92b138c9913aecc5fa2",
    "https://deno.land/std@0.224.0/path/_common/common.ts": "ef73c2860694775fe8ffcbcdd387f9f97c7a656febf0daa8c73b56f4d8a7bd4c",
    "https://deno.land/std@0.224.0/path/_common/constants.ts": "dc5f8057159f4b48cd304eb3027e42f1148cf4df1fb4240774d3492b5d12ac0c",
    "https://deno.land/std@0.224.0/path/_common/dirname.ts": "684df4aa71a04bbcc346c692c8485594fc8a90b9408dfbc26ff32cf3e0c98cc8",
    "https://deno.land/std@0.224.0/path/_common/format.ts": "92500e91ea5de21c97f5fe91e178bae62af524b72d5fcd246d6d60ae4bcada8b",
    "https://deno.land/std@0.224.0/path/_common/from_file_url.ts": "d672bdeebc11bf80e99bf266f886c70963107bdd31134c4e249eef51133ceccf",
    "https://deno.land/std@0.224.0/path/_common/glob_to_reg_exp.ts": "6cac16d5c2dc23af7d66348a7ce430e5de4e70b0eede074bdbcf4903f4374d8d",
    "https://deno.land/std@0.224.0/path/_common/normalize.ts": "684df4aa71a04bbcc346c692c8485594fc8a90b9408dfbc26ff32cf3e0c98cc8",
    "https://deno.land/std@0.224.0/path/_common/normalize_string.ts": "33edef773c2a8e242761f731adeb2bd6d683e9c69e4e3d0092985bede74f4ac3",
    "https://deno.land/std@0.224.0/path/_common/relative.ts": "faa2753d9b32320ed4ada0733261e3357c186e5705678d9dd08b97527deae607",
    "https://deno.land/std@0.224.0/path/_common/strip_trailing_separators.ts": "7024a93447efcdcfeaa9339a98fa63ef9d53de363f1fbe9858970f1bba02655a",
    "https://deno.land/std@0.224.0/path/_common/to_file_url.ts": "7f76adbc83ece1bba173e6e98a27c647712cab773d3f8cbe0398b74afc817883",
    "https://deno.land/std@0.224.0/path/_interface.ts": "8dfeb930ca4a772c458a8c7bbe1e33216fe91c253411338ad80c5b6fa93ddba0",
    "https://deno.land/std@0.224.0/path/_os.ts": "8fb9b90fb6b753bd8c77cfd8a33c2ff6c5f5bc185f50de8ca4ac6a05710b2c15",
    "https://deno.land/std@0.224.0/path/basename.ts": "7ee495c2d1ee516ffff48fb9a93267ba928b5a3486b550be73071bc14f8cc63e",
    "https://deno.land/std@0.224.0/path/common.ts": "03e52e22882402c986fe97ca3b5bb4263c2aa811c515ce84584b23bac4cc2643",
    "https://deno.land/std@0.224.0/path/constants.ts": "0c206169ca104938ede9da48ac952de288f23343304a1c3cb6ec7625e7325f36",
    "https://deno.land/std@0.224.0/path/dirname.ts": "85bd955bf31d62c9aafdd7ff561c4b5fb587d11a9a5a45e2b01aedffa4238a7c",
    "https://deno.land/std@0.224.0/path/extname.ts": "593303db8ae8c865cbd9ceec6e55d4b9ac5410c1e276bfd3131916591b954441",
    "https://deno.land/std@0.224.0/path/format.ts": "6ce1779b0980296cf2bc20d66436b12792102b831fd281ab9eb08fa8a3e6f6ac",
    "https://deno.land/std@0.224.0/path/from_file_url.ts": "911833ae4fd10a1c84f6271f36151ab785955849117dc48c6e43b929504ee069",
    "https://deno.land/std@0.224.0/path/glob_to_regexp.ts": "7f30f0a21439cadfdae1be1bf370880b415e676097fda584a63ce319053b5972",
    "https://deno.land/std@0.224.0/path/is_absolute.ts": "4791afc8bfd0c87f0526eaa616b0d16e7b3ab6a65b62942e50eac68de4ef67d7",
    "https://deno.land/std@0.224.0/path/is_glob.ts": "a65f6195d3058c3050ab905705891b412ff942a292bcbaa1a807a74439a14141",
    "https://deno.land/std@0.224.0/path/join.ts": "ae2ec5ca44c7e84a235fd532e4a0116bfb1f2368b394db1c4fb75e3c0f26a33a",
    "https://deno.land/std@0.224.0/path/join_globs.ts": "5b3bf248b93247194f94fa6947b612ab9d3abd571ca8386cf7789038545e54a0",
    "https://deno.land/std@0.224.0/path/mod.ts": "f6bd79cb08be0e604201bc9de41ac9248582699d1b2ee0ab6bc9190d472cf9cd",
    "https://deno.land/std@0.224.0/path/normalize.ts": "4155743ccceeed319b350c1e62e931600272fad8ad00c417b91df093867a8352",
    "https://deno.land/std@0.224.0/path/normalize_glob.ts": "cc89a77a7d3b1d01053b9dcd59462b75482b11e9068ae6c754b5cf5d794b374f",
    "https://deno.land/std@0.224.0/path/parse.ts": "77ad91dcb235a66c6f504df83087ce2a5471e67d79c402014f6e847389108d5a",
    "https://deno.land/std@0.224.0/path/posix/_util.ts": "1e3937da30f080bfc99fe45d7ed23c47dd8585c5e473b2d771380d3a6937cf9d",
    "https://deno.land/std@0.224.0/path/posix/basename.ts": "d2fa5fbbb1c5a3ab8b9326458a8d4ceac77580961b3739cd5bfd1d3541a3e5f0",
    "https://deno.land/std@0.224.0/path/posix/common.ts": "26f60ccc8b2cac3e1613000c23ac5a7d392715d479e5be413473a37903a2b5d4",
    "https://deno.land/std@0.224.0/path/posix/constants.ts": "93481efb98cdffa4c719c22a0182b994e5a6aed3047e1962f6c2c75b7592bef1",
    "https://deno.land/std@0.224.0/path/posix/dirname.ts": "76cd348ffe92345711409f88d4d8561d8645353ac215c8e9c80140069bf42f00",
    "https://deno.land/std@0.224.0/path/posix/extname.ts": "e398c1d9d1908d3756a7ed94199fcd169e79466dd88feffd2f47ce0abf9d61d2",
    "https://deno.land/std@0.224.0/path/posix/format.ts": "185e9ee2091a42dd39e2a3b8e4925370ee8407572cee1ae52838aed96310c5c1",
    "https://deno.land/std@0.224.0/path/posix/from_file_url.ts": "951aee3a2c46fd0ed488899d024c6352b59154c70552e90885ed0c2ab699bc40",
    "https://deno.land/std@0.224.0/path/posix/glob_to_regexp.ts": "76f012fcdb22c04b633f536c0b9644d100861bea36e9da56a94b9c589a742e8f",
    "https://deno.land/std@0.224.0/path/posix/is_absolute.ts": "cebe561ad0ae294f0ce0365a1879dcfca8abd872821519b4fcc8d8967f888ede",
    "https://deno.land/std@0.224.0/path/posix/is_glob.ts": "8a8b08c08bf731acf2c1232218f1f45a11131bc01de81e5f803450a5914434b9",
    "https://deno.land/std@0.224.0/path/posix/join.ts": "7fc2cb3716aa1b863e990baf30b101d768db479e70b7313b4866a088db016f63",
    "https://deno.land/std@0.224.0/path/posix/join_globs.ts": "a9475b44645feddceb484ee0498e456f4add112e181cb94042cdc6d47d1cdd25",
    "https://deno.land/std@0.224.0/path/posix/mod.ts": "2301fc1c54a28b349e20656f68a85f75befa0ee9b6cd75bfac3da5aca9c3f604",
    "https://deno.land/std@0.224.0/path/posix/normalize.ts": "baeb49816a8299f90a0237d214cef46f00ba3e95c0d2ceb74205a6a584b58a91",
    "https://deno.land/std@0.224.0/path/posix/normalize_glob.ts": "9c87a829b6c0f445d03b3ecadc14492e2864c3ebb966f4cea41e98326e4435c6",
    "https://deno.land/std@0.224.0/path/posix/parse.ts": "09dfad0cae530f93627202f28c1befa78ea6e751f92f478ca2cc3b56be2cbb6a",
    "https://deno.land/std@0.224.0/path/posix/relative.ts": "3907d6eda41f0ff723d336125a1ad4349112cd4d48f693859980314d5b9da31c",
    "https://deno.land/std@0.224.0/path/posix/resolve.ts": "08b699cfeee10cb6857ccab38fa4b2ec703b0ea33e8e69964f29d02a2d5257cf",
    "https://deno.land/std@0.224.0/path/posix/to_file_url.ts": "7aa752ba66a35049e0e4a4be5a0a31ac6b645257d2e031142abb1854de250aaf",
    "https://deno.land/std@0.224.0/path/posix/to_namespaced_path.ts": "28b216b3c76f892a4dca9734ff1cc0045d135532bfd9c435ae4858bfa5a2ebf0",
    "https://deno.land/std@0.224.0/path/relative.ts": "ab739d727180ed8727e34ed71d976912461d98e2b76de3d3de834c1066667add",
    "https://deno.land/std@0.224.0/path/resolve.ts": "a6f977bdb4272e79d8d0ed4333e3d71367cc3926acf15ac271f1d059c8494d8d",
    "https://deno.land/std@0.224.0/path/to_file_url.ts": "88f049b769bce411e2d2db5bd9e6fd9a185a5fbd6b9f5ad8f52bef517c4ece1b",
    "https://deno.land/std@0.224.0/path/to_namespaced_path.ts": "b706a4103b104cfadc09600a5f838c2ba94dbcdb642344557122dda444526e40",
    "https://deno.land/std@0.224.0/path/windows/_util.ts": "d5f47363e5293fced22c984550d5e70e98e266cc3f31769e1710511803d04808",
    "https://deno.land/std@0.224.0/path/windows/basename.ts": "6bbc57bac9df2cec43288c8c5334919418d784243a00bc10de67d392ab36d660",
    "https://deno.land/std@0.224.0/path/windows/common.ts": "26f60ccc8b2cac3e1613000c23ac5a7d392715d479e5be413473a37903a2b5d4",
    "https://deno.land/std@0.224.0/path/windows/constants.ts": "5afaac0a1f67b68b0a380a4ef391bf59feb55856aa8c60dfc01bd3b6abb813f5",
    "https://deno.land/std@0.224.0/path/windows/dirname.ts": "33e421be5a5558a1346a48e74c330b8e560be7424ed7684ea03c12c21b627bc9",
    "https://deno.land/std@0.224.0/path/windows/extname.ts": "165a61b00d781257fda1e9606a48c78b06815385e7d703232548dbfc95346bef",
    "https://deno.land/std@0.224.0/path/windows/format.ts": "bbb5ecf379305b472b1082cd2fdc010e44a0020030414974d6029be9ad52aeb6",
    "https://deno.land/std@0.224.0/path/windows/from_file_url.ts": "ced2d587b6dff18f963f269d745c4a599cf82b0c4007356bd957cb4cb52efc01",
    "https://deno.land/std@0.224.0/path/windows/glob_to_regexp.ts": "e45f1f89bf3fc36f94ab7b3b9d0026729829fabc486c77f414caebef3b7304f8",
    "https://deno.land/std@0.224.0/path/windows/is_absolute.ts": "4a8f6853f8598cf91a835f41abed42112cebab09478b072e4beb00ec81f8ca8a",
    "https://deno.land/std@0.224.0/path/windows/is_glob.ts": "8a8b08c08bf731acf2c1232218f1f45a11131bc01de81e5f803450a5914434b9",
    "https://deno.land/std@0.224.0/path/windows/join.ts": "8d03530ab89195185103b7da9dfc6327af13eabdcd44c7c63e42e27808f50ecf",
    "https://deno.land/std@0.224.0/path/windows/join_globs.ts": "a9475b44645feddceb484ee0498e456f4add112e181cb94042cdc6d47d1cdd25",
    "https://deno.land/std@0.224.0/path/windows/mod.ts": "2301fc1c54a28b349e20656f68a85f75befa0ee9b6cd75bfac3da5aca9c3f604",
    "https://deno.land/std@0.224.0/path/windows/normalize.ts": "78126170ab917f0ca355a9af9e65ad6bfa5be14d574c5fb09bb1920f52577780",
    "https://deno.land/std@0.224.0/path/windows/normalize_glob.ts": "9c87a829b6c0f445d03b3ecadc14492e2864c3ebb966f4cea41e98326e4435c6",
    "https://deno.land/std@0.224.0/path/windows/parse.ts": "08804327b0484d18ab4d6781742bf374976de662f8642e62a67e93346e759707",
    "https://deno.land/std@0.224.0/path/windows/relative.ts": "3e1abc7977ee6cc0db2730d1f9cb38be87b0ce4806759d271a70e4997fc638d7",
    "https://deno.land/std@0.224.0/path/windows/resolve.ts": "8dae1dadfed9d46ff46cc337c9525c0c7d959fb400a6308f34595c45bdca1972",
    "https://deno.land/std@0.224.0/path/windows/to_file_url.ts": "40e560ee4854fe5a3d4d12976cef2f4e8914125c81b11f1108e127934ced502e",
    "https://deno.land/std@0.224.0/path/windows/to_namespaced_path.ts": "4ffa4fb6fae321448d5fe810b3ca741d84df4d7897e61ee29be961a6aac89a4c",
    "https://deno.land/std@0.52.0/fmt/colors.ts": "ec9d653672a9a3c7b6eafe53c5bc797364a2db2dcf766ab649c1155fea7a80b2",
    "https://deno.land/x/spinners@v1.1.2/mod.ts": "ed5b3562d4ea6c6887bc7e9844612b08a3bc3a3678ca77cc7dfdf461c362751e",
    "https://deno.land/x/spinners@v1.1.2/spinner-types.ts": "c67e6962a0c738aa57b4d3ad9fe06c8c0131f93360acbf95456f2ba200fd8826",
    "https://deno.land/x/spinners@v1.1.2/terminal-spinner.ts": "1cf0c38a423781734e2e538323c1992027830d741e90f0b81f532e5bc993d035",
    "https://deno.land/x/spinners@v1.1.2/util.ts": "7083203bedbda2e6144a14a7dd093747a7a01e73d95637c888bae8ac22a1c58b",
    "https://esm.sh/node-fzf@0.11.0": "3ba6284fbd1d13858bfba22255ce60359f09adcde2880e1c64647f8cd41b7343",
    "https://esm.sh/prompts@2.4.2": "b900bc9df091eea47122247e4243ad5e22de0d9f977cacf033ba55f25d0182b7",
    "https://esm.sh/tiged@2.12.7": "c47ff12967972d022ef6b4fc91bf0a4a2a4160755cea74a191aac84ed403c9b4",
    "https://esm.sh/v135/agent-base@6.0.2/denonext/agent-base.mjs": "5c2339009e12d48c28aaee9842a8a8975f5ebedf50cd8e856798e98eccbd0a41",
    "https://esm.sh/v135/ansi-regex@2.1.1/denonext/ansi-regex.mjs": "47db4ee1306a4b14a120cc31ecd6df41f8982cf72da3e4993232fed05ef67f7a",
    "https://esm.sh/v135/ansi-regex@3.0.1/denonext/ansi-regex.mjs": "ac21aeb99b5fed3406886fde49a93936a181de21061d5358540c4d1a9f3be431",
    "https://esm.sh/v135/balanced-match@1.0.2/denonext/balanced-match.mjs": "b2f9737a6fb330aedd4a444eb85ba127d757c49032a528400fc0e2efb70ddca3",
    "https://esm.sh/v135/brace-expansion@1.1.11/denonext/brace-expansion.mjs": "37804872dca2bd08f67fee3ab0a1c56b0612243fc46e5792b1f9d2a53bdb79c8",
    "https://esm.sh/v135/chownr@2.0.0/denonext/chownr.mjs": "d7282b2612a9f13c62084c76fc72cdfb20503bccce959178b77b6def14d3ffd2",
    "https://esm.sh/v135/cli-color@1.2.0/denonext/cli-color.mjs": "b47e00bf97c44b5e2689394af742a1f18c79d44941c1033f3302a37c6a10c62d",
    "https://esm.sh/v135/colorette@1.2.1/denonext/colorette.mjs": "e08a924274c3a9b406c3cc5415da30b0dd485fb74c7ee9b17ef275242e3e6ace",
    "https://esm.sh/v135/concat-map@0.0.1/denonext/concat-map.mjs": "1a5a143263db86cb520387e65d8ce2fde374b66cf64aed488b5138836b1d5674",
    "https://esm.sh/v135/d@1.0.1/denonext/auto-bind.js": "b651a184f80c537cb6d7d1821a6fb27bb9befa4c2bbbbede15fa161672f08f6e",
    "https://esm.sh/v135/d@1.0.1/denonext/d.mjs": "55b6311b5fe77ac4d8965dc3e285ce843f915b720155f8574d7ebb441a8dcdc4",
    "https://esm.sh/v135/d@1.0.1/denonext/lazy.js": "1e531b83d4a7a17ea317ad1b6473cd8fe2a82107d478302127a7ad5a22905fb5",
    "https://esm.sh/v135/d@1.0.2/denonext/d.mjs": "9f6d52a99f27ee7c23f1edce209ec2ef8de06b805d3cf3f6f975c7a861098a12",
    "https://esm.sh/v135/debug@4.3.4/denonext/debug.mjs": "d2ebf776ea77aa7df1b4460eb2a4aab245a9d5b19f11fa1db25f756b350bae9d",
    "https://esm.sh/v135/define-property@1.0.0/denonext/define-property.mjs": "97d5497a6ad21085141ca4b6fd6c672df7dc8de5c252c494643a34814fb7e45a",
    "https://esm.sh/v135/es5-ext@0.10.62/denonext/array/$$/clear.js": "513ca15509344f7d48cf023586e25dfc08d24f55bb0fc26a637016d78045f548",
    "https://esm.sh/v135/es5-ext@0.10.62/denonext/array/$$/e-index-of.js": "1417b7b137013700f4d45ed060581c27106c3d104b13c7010604415abd5e5ec4",
    "https://esm.sh/v135/es5-ext@0.10.62/denonext/array/from.js": "7dba521cc6cf298667177fb4902e8f93c409156cd27ce11794e3b1e276c2aa92",
    "https://esm.sh/v135/es5-ext@0.10.62/denonext/array/to-array.js": "88554318cd4a7d7beefaaf8d7689c3c3df3f2dd5a3bf09a2d1d29368ba266a67",
    "https://esm.sh/v135/es5-ext@0.10.62/denonext/error/custom.js": "6122593c8c84860257b6fdff2ede69cd45702f466b6f334bb0b82978da5cffaa",
    "https://esm.sh/v135/es5-ext@0.10.62/denonext/function/_define-length.js": "ef9aa7dc61f3d9ac09620ba5e826e4008dd40af4719b4dcde8028601f280d8f9",
    "https://esm.sh/v135/es5-ext@0.10.62/denonext/function/is-arguments.js": "22a9c3ba87bdf3271134ff61b4113c9539394646482d4940eef99cbefd765d38",
    "https://esm.sh/v135/es5-ext@0.10.62/denonext/number/to-pos-integer.js": "8362b6a8a1c5d14df11685ff74a0bedf70cd3abcfc0449642a98104034033aad",
    "https://esm.sh/v135/es5-ext@0.10.62/denonext/object/assign.js": "6a73577dd45a6f564b634098602eb27daa51eb6445f4d262b7092c989fc13842",
    "https://esm.sh/v135/es5-ext@0.10.62/denonext/object/copy.js": "850122a65101b5ccacf7765d398ccf0310105f28683032be12f7035edd145e56",
    "https://esm.sh/v135/es5-ext@0.10.62/denonext/object/for-each.js": "57bad8556bcafecc7d51fa1720d40203bb190c87dda6db1498381938a921a595",
    "https://esm.sh/v135/es5-ext@0.10.62/denonext/object/is-value.js": "3a78e2abb6e73d276b3b069dffb90b9b43f86be04fca89270562fd87213fa374",
    "https://esm.sh/v135/es5-ext@0.10.62/denonext/object/map.js": "bd6b703ec2096c55497a545c0f36af7a067f36124610e4beed662f8eaf66f3ad",
    "https://esm.sh/v135/es5-ext@0.10.62/denonext/object/mixin.js": "5b4d958dad4be370d36e15c3e90851b6c89c194b860944b8173ae27e94fad81c",
    "https://esm.sh/v135/es5-ext@0.10.62/denonext/object/normalize-options.js": "b85829951b20211d53fc206b1cf12c5be420ecee76d5b3d2f05b807095a071ce",
    "https://esm.sh/v135/es5-ext@0.10.62/denonext/object/primitive-set.js": "d10e6646de2e42ff1448d6c7865ff0ce3e427dee61ebbc0876fea64a00924d64",
    "https://esm.sh/v135/es5-ext@0.10.62/denonext/object/set-prototype-of.js": "af2da6f244a1f67f2fea76dceb3f964951746d98efbc48d969f42ecf4934ad68",
    "https://esm.sh/v135/es5-ext@0.10.62/denonext/object/valid-callable.js": "d8fb7a27a1ad0edc528d09a53ad66ee83e264a3429dc2da59d9f53de408b5840",
    "https://esm.sh/v135/es5-ext@0.10.62/denonext/object/valid-value.js": "83986fbc2c42dc0cde7af09547ce30b46eeeebd9f9d9db3b520560ab3e669b81",
    "https://esm.sh/v135/es5-ext@0.10.62/denonext/object/validate-stringifiable-value.js": "4f7da38348ee843901bf532821b6c286a9df3c969e60677fe3d8e7027377ba1d",
    "https://esm.sh/v135/es5-ext@0.10.62/denonext/string/$$/contains.js": "8da1bbbe6d4fedaabdf9e16ae17c0591cfad9a32fb15756924646864e7f5b154",
    "https://esm.sh/v135/es5-ext@0.10.62/denonext/string/is-string.js": "97adb1dd61cae9ca871473754fde7e2f5e5eedf1c79db8f4702054f90725babd",
    "https://esm.sh/v135/es5-ext@0.10.62/denonext/to-short-string-representation.js": "6d1a71c7af23088a4107174324c06920ebc454e17c089eb07b4045683a2a9cf7",
    "https://esm.sh/v135/es5-ext@0.10.64/denonext/array/$$/for-each-right.js": "abca533a141892c33d4e6d9b83d573bd41ffea8615d52f58b78855bf2803abc1",
    "https://esm.sh/v135/es5-ext@0.10.64/denonext/array/$$/uniq.js": "4e1aede956f6afb81c2d2706a14e891c6dd220e34e82489cde1d0d0800145b75",
    "https://esm.sh/v135/es5-ext@0.10.64/denonext/array/from.js": "b665b49471b54161ef11d3c9beb150942f3146bd6d35d005399c243e494571fa",
    "https://esm.sh/v135/es5-ext@0.10.64/denonext/function/$$/compose.js": "8c1a991cabc18c4e880f4f61328e560898202d387d0088c786ccdc010c9bd634",
    "https://esm.sh/v135/es5-ext@0.10.64/denonext/iterable/validate-object.js": "9b9b4970077245c45c4e6554c6664a7e5563e91a831d12b2e0bc3948b1198674",
    "https://esm.sh/v135/es5-ext@0.10.64/denonext/math/trunc.js": "f29f1e2c5cca79048b2819236da4fac45e42a1870734aa00f29f9ff82a500936",
    "https://esm.sh/v135/es5-ext@0.10.64/denonext/object/assign.js": "f1aceee4578545c443b37cd2d31dcd409415a5e0929144751a0867f00dfa854a",
    "https://esm.sh/v135/es5-ext@0.10.64/denonext/object/first-key.js": "f83103ab196b83f5df6edce6acd44b612d192fb17612e10607a1c7c6fab6bf0d",
    "https://esm.sh/v135/es5-ext@0.10.64/denonext/object/for-each.js": "ee37d4b0681ec4de47b8bb95bcd1d35a4bfe25e64a71b5e1b7264264b45fb049",
    "https://esm.sh/v135/es5-ext@0.10.64/denonext/object/map.js": "bebdbc9d9218104bcecc671b1c10ddad523c08b9ec6841fa5d9f4423f5fb1bb8",
    "https://esm.sh/v135/es5-ext@0.10.64/denonext/object/normalize-options.js": "1d1967ae1dc5c998272d9fea2a99e649e1dab6e6bf70c8e7fa3e68eba976747c",
    "https://esm.sh/v135/es5-ext@0.10.64/denonext/object/primitive-set.js": "657c209273ebf05a42170f1a54d57e103b4c6b8f3c4ac5222bf7aaa7353a0295",
    "https://esm.sh/v135/es5-ext@0.10.64/denonext/object/set-prototype-of.js": "8cd35f819efd91fded4779c8a8732aacb8248aa23c1041428ed3adc1e982412a",
    "https://esm.sh/v135/es5-ext@0.10.64/denonext/object/valid-callable.js": "43c131f269ab13acf28ea2883f77d44e52b8d6263e92ba61ad89540ac434e461",
    "https://esm.sh/v135/es5-ext@0.10.64/denonext/object/valid-object.js": "b29d3d0539e1f46d1653779bee07f8280e072a7a8d3d3bf4f4af20dd7d98fe23",
    "https://esm.sh/v135/es5-ext@0.10.64/denonext/object/validate-stringifiable-value.js": "1639afe8746803409f97b5771e4fb72d1c4544384013e8afd74828ac63cdf0a4",
    "https://esm.sh/v135/es5-ext@0.10.64/denonext/object/validate-stringifiable.js": "a5611f2e9f05a0ae77b116b47473def8da1ca349c77fd0cba697471acc2a129a",
    "https://esm.sh/v135/es5-ext@0.10.64/denonext/string/$$/contains.js": "dae1baf370766f5e15ffbb546de29cc4b579b15bc4fc00e59a8d4a527d9aafe7",
    "https://esm.sh/v135/es5-ext@0.10.64/denonext/string/$$/repeat.js": "911452fa762c5ff9dfc4c1c91b0430627ff89246e18ac66cbd683446c5cc1c57",
    "https://esm.sh/v135/es6-iterator@2.0.3/denonext/for-of.js": "b170e3e8536366484d0e625ead12a9a8579231229009e4b021f70f11e8fb0fcf",
    "https://esm.sh/v135/es6-symbol@3.1.3/denonext/es6-symbol.mjs": "0981326e15f128f378ad0b0751958fd89dc479b4eae0595c1b9dddc63d561078",
    "https://esm.sh/v135/event-emitter@0.3.5/denonext/event-emitter.mjs": "1d36f9477b10791747b0afb8330870de0d5fcace8bacb3510983d28d3f3aa9ba",
    "https://esm.sh/v135/ext@1.7.0/denonext/global-this.js": "81d9a7cfbfb56072fa2b289f9bc1382b077a1011604d2d089556c16b764b31aa",
    "https://esm.sh/v135/fs-extra@10.1.0/denonext/fs-extra.mjs": "f0a2fbfaa9b9937b5287ec1c77622b6721a7519e8cb1579e0c68d766301a97fa",
    "https://esm.sh/v135/fs-minipass@2.1.0/denonext/fs-minipass.mjs": "4b5b69251541833f5a1035be0e98d46bd6d02843fd7d40720577baf6caca21ce",
    "https://esm.sh/v135/fs.realpath@1.0.0/denonext/fs.realpath.mjs": "2d690bfa365fc259d42d6cb27744765ba8776b46f2c73dd0596b118b62846250",
    "https://esm.sh/v135/function-bind@1.1.2/denonext/function-bind.mjs": "ba026f8203d5631c23f48de9829c300fea74e2c9b333d06e4f220ae774557ad1",
    "https://esm.sh/v135/glob@7.2.3/denonext/glob.mjs": "be436d9a76adcc928311acda4fd840c7bcf5b7656ac2a7afcb3aa72bc8f0c02e",
    "https://esm.sh/v135/graceful-fs@4.2.11/denonext/graceful-fs.mjs": "a66bf1921989bb71134113af421659e1bb7c87688add249055dc47256d06734c",
    "https://esm.sh/v135/hasown@2.0.0/denonext/hasown.mjs": "ba954305c23d6c4059f02f6b244bdbf45349e1228e3570ea3dc096d418b9f2f8",
    "https://esm.sh/v135/https-proxy-agent@5.0.0/denonext/https-proxy-agent.mjs": "a60d66a092ed4d4bcc694a7c99b9b1983a16a92d54c731c0339977ca715dd1a1",
    "https://esm.sh/v135/inflight@1.0.6/denonext/inflight.mjs": "89d3877aeb6f9907692baef6b5bb55204a86e10435be3d53f059ef7255a59378",
    "https://esm.sh/v135/inherits@2.0.4/denonext/inherits.mjs": "8095f3d6aea060c904fb24ae50f2882779c0acbe5d56814514c8b5153f3b4b3b",
    "https://esm.sh/v135/is-accessor-descriptor@1.0.1/denonext/is-accessor-descriptor.mjs": "9c8d0adef60e5e9530ffa5b1b713902897afd43b14d83b2a1e4d04af204f6288",
    "https://esm.sh/v135/is-buffer@1.1.6/denonext/is-buffer.mjs": "486415c82ae4904c95e53ade28d7b5992ff49174db33763a2a7db8e7e3a01006",
    "https://esm.sh/v135/is-data-descriptor@1.0.1/denonext/is-data-descriptor.mjs": "e789749c498a7f9900e62ce1b3712d05b8f0a96fe9245cd8ed02d885fdbe919a",
    "https://esm.sh/v135/is-descriptor@1.0.3/denonext/is-descriptor.mjs": "c5eb7108a174eedc5da761255b6ffba4814346808a7f926a62d4de7136697662",
    "https://esm.sh/v135/is-fullwidth-code-point@2.0.0/denonext/is-fullwidth-code-point.mjs": "bace6fa1177a4cc2af989289f296ad94c964dd445c09d2158946aec9e43f047a",
    "https://esm.sh/v135/is-number@3.0.0/denonext/is-number.mjs": "f326d78b8bc87477629bd8c7b97bf81abf910632486635092d33e632552b13c4",
    "https://esm.sh/v135/is-promise@2.2.2/denonext/is-promise.mjs": "c1534ac0a46cf5d62d28d2eb0746ea33b4d600f754fe82033ec8b22f660fb622",
    "https://esm.sh/v135/jsonfile@6.1.0/denonext/jsonfile.mjs": "4e77e1f77e03d615ef2aab6e45fed9a9a03038891c8517e4bd090276970f2682",
    "https://esm.sh/v135/jsonfile@6.1.0/denonext/utils.js": "a76d9f84e8c04c5d4415874c5bd37747ac40ee99aff89c848224e8c034d57b3f",
    "https://esm.sh/v135/keypress@0.2.1/denonext/keypress.mjs": "08f69df0d4b507e7758f050684b7e69edbd1d48f6e81378014f804ed2c9ee5eb",
    "https://esm.sh/v135/kind-of@3.2.2/denonext/kind-of.mjs": "08f25c105618a36af8981891437a5f1824951a6dfe3349a0819aea36f29a79c2",
    "https://esm.sh/v135/kleur@3.0.3/denonext/kleur.mjs": "f82e03a3f64453f1712455d16261edb8cacd7b539b0c76f390409e70913bb087",
    "https://esm.sh/v135/lru-queue@0.1.0/denonext/lru-queue.mjs": "fae72a77d39376ec154b9610c0bed92ede7feb96e72dd03e48148156c77fe429",
    "https://esm.sh/v135/memoizee@0.4.15/denonext/memoizee.mjs": "5dc7c1e056b55f79ce0af4109837aabcad5639934fc060a36f9173210221b94c",
    "https://esm.sh/v135/memoizee@0.4.15/denonext/methods.js": "62b0ae4c68cf66f6a137f53741ad80b09ffe897006a250f8a79ca21cd5948726",
    "https://esm.sh/v135/mimic-fn@2.1.0/denonext/mimic-fn.mjs": "eb833a5f55567c0a0099c2194d8de27175d0cc65e6a17fbed872a6ab8411a600",
    "https://esm.sh/v135/minimatch@3.1.2/denonext/minimatch.mjs": "5182258d1cd985e8a951162619f7869579c78a5e2581c4c5e495cff71353b7a1",
    "https://esm.sh/v135/minipass@3.3.6/denonext/minipass.mjs": "195894c7a7f1fb71de48b4a41af182cd3ad0e357cadc0ad9d8b5340cda895cc0",
    "https://esm.sh/v135/minipass@5.0.0/denonext/minipass.mjs": "de0e049728f8c387b58c86439eb9d69a16b6a88756a6bc694e2fecbd7fd00401",
    "https://esm.sh/v135/minizlib@2.1.2/denonext/minizlib.mjs": "67abb7d83dacd0de153cce5d03ee3bfd68988c992306ff843370b68f038b43e0",
    "https://esm.sh/v135/mkdirp@1.0.4/denonext/mkdirp.mjs": "41bc43ec9478e772660e2b0edf998f27f0158388c94003b7292d8093e699eb7b",
    "https://esm.sh/v135/ms@2.1.2/denonext/ms.mjs": "aa4dc45ba72554c5011168f8910cc646c37af53cfff1a15a4decced838b8eb14",
    "https://esm.sh/v135/next-tick@1.1.0/denonext/next-tick.mjs": "bc9758cae578ff4b223dcdd20a16d2b9b4c6553d69f2a0a3a8dd8ca6539e8b8a",
    "https://esm.sh/v135/node-fzf@0.11.0/denonext/node-fzf.mjs": "8954dc96d04b0449a5a5efb009ec0d5b577491cf51ec4b322f7cf51ea25fb328",
    "https://esm.sh/v135/once@1.4.0/denonext/once.mjs": "5ab9193c36609f6c5cf6f1e2e37dd952c87d8ff0b0267433c29b228a2c470cd5",
    "https://esm.sh/v135/onetime@5.1.2/denonext/onetime.mjs": "6c639bff120736dc37a3eebef2f9a5c62451bbb05dcc9f8bf7f392eb60c78f06",
    "https://esm.sh/v135/path-is-absolute@1.0.1/denonext/path-is-absolute.mjs": "678005e3a51e4d28fabe4689d94e4fc86e00bed0f1f86d6225f1bb83b94a1b2e",
    "https://esm.sh/v135/prompts@2.4.2/denonext/prompts.mjs": "5480e78781878b349dd4130f0e6129149ecf4ea73194d47ec75df06ca961dfec",
    "https://esm.sh/v135/restore-cursor@3.1.0/denonext/restore-cursor.mjs": "89c90525f519b563ac6cb4f02bff8ba8482a4edcb6580e470cd0f1947bfd796f",
    "https://esm.sh/v135/rimraf@3.0.2/denonext/rimraf.mjs": "bc260e826bc945524eb3de805dff2874a4f1aef0dbe5485c2d3144a5143a2789",
    "https://esm.sh/v135/signal-exit@3.0.7/denonext/signal-exit.mjs": "bf418caffe54af9f76da6c7a4998b093dd95740016482c3ababa83da7fb1bb6c",
    "https://esm.sh/v135/sisteransi@1.0.5/denonext/sisteransi.mjs": "c497a063ce081e71934902707f286d651dc2dc77b76cdd798e81d6ea31edc418",
    "https://esm.sh/v135/string-width@2.1.1/denonext/string-width.mjs": "e4a016bf21011db9e9b8bca197c7e510b3db30d3e7fd9e6641f7d5f12d81a65b",
    "https://esm.sh/v135/strip-ansi@4.0.0/denonext/strip-ansi.mjs": "7e82d986329a0c8b8bc51a0af8497c8ec4964f08fa6ba982d4b39e9d14497fef",
    "https://esm.sh/v135/tar@6.2.1/denonext/tar.mjs": "d0026ba9f9ab1ba2b89493af4717ee3b099c8cf06c7d5c16d7174c66647dd88b",
    "https://esm.sh/v135/tiged@2.12.7/denonext/tiged.mjs": "9a415ca0a69b631de2c8755a081dc799cc13f28f786013ac103a341a2fa7451c",
    "https://esm.sh/v135/timers-ext@0.1.7/denonext/valid-timeout.js": "f26eff3f2b619d0b30e5a706c26b9988547890c167803c223f332627e71e547e",
    "https://esm.sh/v135/ttys@0.0.3/denonext/ttys.mjs": "61c44e21e69527e670e65f1a410e3c99c5049456b5a6ac5f49563b879e42805b",
    "https://esm.sh/v135/type@1.2.0/denonext/plain-function/ensure.js": "361bde4a3c28c8d670ffc4a2b1695aacf5d644f55d4f88fba10c498ed501bbe8",
    "https://esm.sh/v135/type@1.2.0/denonext/plain-function/is.js": "bab9e6433a18522a88bbe17f203454af1bd6e247d5a68aa5fc91e235517eeb2a",
    "https://esm.sh/v135/type@1.2.0/denonext/value/ensure.js": "75c8dad2111f28b093f6823599c09c08a726ff2d3b8cb55a0fb8d3160c6a0a4e",
    "https://esm.sh/v135/type@1.2.0/denonext/value/is.js": "03073c07915a4f6990b2466295ee4a3bd041fd843dcc73342d3af1d4ddb094fc",
    "https://esm.sh/v135/type@2.7.2/denonext/plain-function/is.js": "ac1327c1489ad43e66896ad0e86af534b787f4ddde7db429a4bef016fbc497e3",
    "https://esm.sh/v135/type@2.7.2/denonext/value/is.js": "834d66bd1412dc8d1a589265036999f5fcedd5f22c4e5dd59b66ea9fc96f4e16",
    "https://esm.sh/v135/universalify@2.0.1/denonext/universalify.mjs": "3e22beea3659a25ca081af8acc4422e997a40094665b5bf3f28ce6b4d76ea1cd",
    "https://esm.sh/v135/window-size@1.1.1/denonext/window-size.mjs": "0b0b7e2a7401608fa83f0987b7212216ba479958033deee9f22579b2d982a47b",
    "https://esm.sh/v135/wrappy@1.0.2/denonext/wrappy.mjs": "3c31e4782e0307cf56b319fcec6110f925dafe6cb47a8fa23350d480f5fa8b06",
    "https://esm.sh/v135/yallist@4.0.0/denonext/yallist.mjs": "61f180d807dda50bac17028eda05d5722a3fecef6e98a9064e2353ea6864fd82"
  }
}
